
Microsoft Visual Studio Solution File, Format Version 12.00
# Visual Studio 15
VisualStudioVersion = 15.0.27703.2042
MinimumVisualStudioVersion = 10.0.40219.1
Project("{9A19103F-16F7-4668-BE54-9A1E7A4F7556}") = "Stone.Framework.Http", "Stone.Framework.Http\Stone.Framework.Http.csproj", "{171D97EA-380B-423F-A3A5-3A029139A14B}"
EndProject
Project("{9A19103F-16F7-4668-BE54-9A1E7A4F7556}") = "Stone.Framework.Message", "Stone.Framework.Message\Stone.Framework.Message.csproj", "{2F18CFEC-049F-4C33-9580-72750616E781}"
EndProject
Project("{9A19103F-16F7-4668-BE54-9A1E7A4F7556}") = "Stone.Framework.Data", "Stone.Framework.Data\Stone.Framework.Data.csproj", "{C104F6BC-A5E7-4F46-9E60-E6B3CAD1E87F}"
EndProject
Project("{FAE04EC0-301F-11D3-BF4B-00C04F79EFBC}") = "Stone.Framework.Filter", "Stone.Framework.Filter\Stone.Framework.Filter.csproj", "{8BF05805-D280-46B9-838F-42C4918E8AE8}"
EndProject
Global
	GlobalSection(SolutionConfigurationPlatforms) = preSolution
		Debug|Any CPU = Debug|Any CPU
		Release|Any CPU = Release|Any CPU
	EndGlobalSection
	GlobalSection(ProjectConfigurationPlatforms) = postSolution
		{171D97EA-380B-423F-A3A5-3A029139A14B}.Debug|Any CPU.ActiveCfg = Debug|Any CPU
		{171D97EA-380B-423F-A3A5-3A029139A14B}.Debug|Any CPU.Build.0 = Debug|Any CPU
		{171D97EA-380B-423F-A3A5-3A029139A14B}.Release|Any CPU.ActiveCfg = Release|Any CPU
		{171D97EA-380B-423F-A3A5-3A029139A14B}.Release|Any CPU.Build.0 = Release|Any CPU
		{2F18CFEC-049F-4C33-9580-72750616E781}.Debug|Any CPU.ActiveCfg = Debug|Any CPU
		{2F18CFEC-049F-4C33-9580-72750616E781}.Debug|Any CPU.Build.0 = Debug|Any CPU
		{2F18CFEC-049F-4C33-9580-72750616E781}.Release|Any CPU.ActiveCfg = Release|Any CPU
		{2F18CFEC-049F-4C33-9580-72750616E781}.Release|Any CPU.Build.0 = Release|Any CPU
		{C104F6BC-A5E7-4F46-9E60-E6B3CAD1E87F}.Debug|Any CPU.ActiveCfg = Debug|Any CPU
		{C104F6BC-A5E7-4F46-9E60-E6B3CAD1E87F}.Debug|Any CPU.Build.0 = Debug|Any CPU
		{C104F6BC-A5E7-4F46-9E60-E6B3CAD1E87F}.Release|Any CPU.ActiveCfg = Release|Any CPU
		{C104F6BC-A5E7-4F46-9E60-E6B3CAD1E87F}.Release|Any CPU.Build.0 = Release|Any CPU
		{8BF05805-D280-46B9-838F-42C4918E8AE8}.Debug|Any CPU.ActiveCfg = Debug|Any CPU
		{8BF05805-D280-46B9-838F-42C4918E8AE8}.Debug|Any CPU.Build.0 = Debug|Any CPU
		{8BF05805-D280-46B9-838F-42C4918E8AE8}.Release|Any CPU.ActiveCfg = Release|Any CPU
		{8BF05805-D280-46B9-838F-42C4918E8AE8}.Release|Any CPU.Build.0 = Release|Any CPU
	EndGlobalSection
	GlobalSection(SolutionProperties) = preSolution
		HideSolutionNode = FALSE
	EndGlobalSection
	GlobalSection(ExtensibilityGlobals) = postSolution
		SolutionGuid = {9F112140-9714-4C6A-8E1B-C19CEE1CAF89}
	EndGlobalSection
EndGlobal
